// !$*UTF8*$!
{
	archiveVersion = 1;
	classes = {
	};
	objectVersion = 52;
	objects = {

/* Begin PBXBuildFile section */
		4B333C1F26715A82000C78D9 /* SessionSettingsView.swift in Sources */ = {isa = PBXBuildFile; fileRef = 4B333C1E26715A82000C78D9 /* SessionSettingsView.swift */; };
		4B333C212671661E000C78D9 /* PlacementSettings.swift in Sources */ = {isa = PBXBuildFile; fileRef = 4B333C202671661E000C78D9 /* PlacementSettings.swift */; };
		4B333C23267263CF000C78D9 /* Kfn8App.swift in Sources */ = {isa = PBXBuildFile; fileRef = 4B333C22267263CF000C78D9 /* Kfn8App.swift */; };
		4B333C2526727683000C78D9 /* PlacementPanelView.swift in Sources */ = {isa = PBXBuildFile; fileRef = 4B333C2426727683000C78D9 /* PlacementPanelView.swift */; };
		4B333C272677E763000C78D9 /* View+Extensions.swift in Sources */ = {isa = PBXBuildFile; fileRef = 4B333C262677E763000C78D9 /* View+Extensions.swift */; };
		4B333C2926793CC4000C78D9 /* SessionSettings.swift in Sources */ = {isa = PBXBuildFile; fileRef = 4B333C2826793CC4000C78D9 /* SessionSettings.swift */; };
		4B333C2F267A72FB000C78D9 /* hipster.usdz in Resources */ = {isa = PBXBuildFile; fileRef = 4B333C2E267A72FB000C78D9 /* hipster.usdz */; };
		4B333C31267A9224000C78D9 /* ItemButton.swift in Sources */ = {isa = PBXBuildFile; fileRef = 4B333C30267A9224000C78D9 /* ItemButton.swift */; };
		4B333C33267A943B000C78D9 /* ModelPickerView.swift in Sources */ = {isa = PBXBuildFile; fileRef = 4B333C32267A943B000C78D9 /* ModelPickerView.swift */; };
		4B333C35267BF0FE000C78D9 /* TabViewContentView.swift in Sources */ = {isa = PBXBuildFile; fileRef = 4B333C34267BF0FE000C78D9 /* TabViewContentView.swift */; };
		4B333C37267BF12F000C78D9 /* TabViewOne.swift in Sources */ = {isa = PBXBuildFile; fileRef = 4B333C36267BF12F000C78D9 /* TabViewOne.swift */; };
		4B333C39267BF13F000C78D9 /* TabViewTwo.swift in Sources */ = {isa = PBXBuildFile; fileRef = 4B333C38267BF13F000C78D9 /* TabViewTwo.swift */; };
		4B333C3B267BF52C000C78D9 /* DetailViewOne.swift in Sources */ = {isa = PBXBuildFile; fileRef = 4B333C3A267BF52C000C78D9 /* DetailViewOne.swift */; };
		4B333C3D267D1168000C78D9 /* EmojiView.swift in Sources */ = {isa = PBXBuildFile; fileRef = 4B333C3C267D1168000C78D9 /* EmojiView.swift */; };
		4B6CA4D12683EBE800FBEF5F /* GameKit.framework in Frameworks */ = {isa = PBXBuildFile; fileRef = 4B6CA4D02683EBE800FBEF5F /* GameKit.framework */; };
		4BA3788F26689DDA00374BDA /* AppDelegate.swift in Sources */ = {isa = PBXBuildFile; fileRef = 4BA3788E26689DDA00374BDA /* AppDelegate.swift */; };
		4BA3789126689DDA00374BDA /* ContentView.swift in Sources */ = {isa = PBXBuildFile; fileRef = 4BA3789026689DDA00374BDA /* ContentView.swift */; };
		4BA3789526689DDC00374BDA /* Assets.xcassets in Resources */ = {isa = PBXBuildFile; fileRef = 4BA3789426689DDC00374BDA /* Assets.xcassets */; };
		4BA3789826689DDC00374BDA /* Preview Assets.xcassets in Resources */ = {isa = PBXBuildFile; fileRef = 4BA3789726689DDC00374BDA /* Preview Assets.xcassets */; };
		4BA378A326689DDC00374BDA /* kfn8Tests.swift in Sources */ = {isa = PBXBuildFile; fileRef = 4BA378A226689DDC00374BDA /* kfn8Tests.swift */; };
		4BA378AE26689DDC00374BDA /* kfn8UITests.swift in Sources */ = {isa = PBXBuildFile; fileRef = 4BA378AD26689DDC00374BDA /* kfn8UITests.swift */; };
		4BA378C82669308200374BDA /* fender_stratocaster.usdz in Resources */ = {isa = PBXBuildFile; fileRef = 4BA378BC2669307D00374BDA /* fender_stratocaster.usdz */; };
		4BA378C92669308200374BDA /* pot_plant.usdz in Resources */ = {isa = PBXBuildFile; fileRef = 4BA378BD2669307D00374BDA /* pot_plant.usdz */; };
		4BA378CA2669308200374BDA /* flower_tulip.usdz in Resources */ = {isa = PBXBuildFile; fileRef = 4BA378BE2669307E00374BDA /* flower_tulip.usdz */; };
		4BA378CB2669308200374BDA /* chair_swan.usdz in Resources */ = {isa = PBXBuildFile; fileRef = 4BA378BF2669307E00374BDA /* chair_swan.usdz */; };
		4BA378CC2669308200374BDA /* teapot.usdz in Resources */ = {isa = PBXBuildFile; fileRef = 4BA378C02669307F00374BDA /* teapot.usdz */; };
		4BA378CD2669308200374BDA /* wheelbarrow.usdz in Resources */ = {isa = PBXBuildFile; fileRef = 4BA378C12669307F00374BDA /* wheelbarrow.usdz */; };
		4BA378CE2669308200374BDA /* cup_saucer_set.usdz in Resources */ = {isa = PBXBuildFile; fileRef = 4BA378C22669307F00374BDA /* cup_saucer_set.usdz */; };
		4BA378CF2669308200374BDA /* gramophone.usdz in Resources */ = {isa = PBXBuildFile; fileRef = 4BA378C32669308000374BDA /* gramophone.usdz */; };
		4BA378D12669308200374BDA /* toy_biplane.usdz in Resources */ = {isa = PBXBuildFile; fileRef = 4BA378C52669308100374BDA /* toy_biplane.usdz */; };
		4BA378D22669308200374BDA /* wateringcan.usdz in Resources */ = {isa = PBXBuildFile; fileRef = 4BA378C62669308100374BDA /* wateringcan.usdz */; };
		4BA378D32669308200374BDA /* tv_retro.usdz in Resources */ = {isa = PBXBuildFile; fileRef = 4BA378C72669308100374BDA /* tv_retro.usdz */; };
		4BC336F4266948E700AF7AE1 /* LoginView.swift in Sources */ = {isa = PBXBuildFile; fileRef = 4BC336F3266948E600AF7AE1 /* LoginView.swift */; };
		4BC336F626696A9900AF7AE1 /* Model.swift in Sources */ = {isa = PBXBuildFile; fileRef = 4BC336F526696A9900AF7AE1 /* Model.swift */; };
		4BC336F92669A2F200AF7AE1 /* FocusEntity in Frameworks */ = {isa = PBXBuildFile; productRef = 4BC336F82669A2F200AF7AE1 /* FocusEntity */; };
		4BC336FB266A9BE200AF7AE1 /* CustomARView.swift in Sources */ = {isa = PBXBuildFile; fileRef = 4BC336FA266A9BE100AF7AE1 /* CustomARView.swift */; };
		4BC336FF266AB35900AF7AE1 /* ControlView.swift in Sources */ = {isa = PBXBuildFile; fileRef = 4BC336FE266AB35900AF7AE1 /* ControlView.swift */; };
		4BC33701266AC9CA00AF7AE1 /* BrowseView.swift in Sources */ = {isa = PBXBuildFile; fileRef = 4BC33700266AC9CA00AF7AE1 /* BrowseView.swift */; };
/* End PBXBuildFile section */

/* Begin PBXContainerItemProxy section */
		4BA3789F26689DDC00374BDA /* PBXContainerItemProxy */ = {
			isa = PBXContainerItemProxy;
			containerPortal = 4BA3788326689DDA00374BDA /* Project object */;
			proxyType = 1;
			remoteGlobalIDString = 4BA3788A26689DDA00374BDA;
			remoteInfo = kfn8;
		};
		4BA378AA26689DDC00374BDA /* PBXContainerItemProxy */ = {
			isa = PBXContainerItemProxy;
			containerPortal = 4BA3788326689DDA00374BDA /* Project object */;
			proxyType = 1;
			remoteGlobalIDString = 4BA3788A26689DDA00374BDA;
			remoteInfo = kfn8;
		};
/* End PBXContainerItemProxy section */

/* Begin PBXFileReference section */
		4B333C1E26715A82000C78D9 /* SessionSettingsView.swift */ = {isa = PBXFileReference; lastKnownFileType = sourcecode.swift; path = SessionSettingsView.swift; sourceTree = "<group>"; };
		4B333C202671661E000C78D9 /* PlacementSettings.swift */ = {isa = PBXFileReference; lastKnownFileType = sourcecode.swift; path = PlacementSettings.swift; sourceTree = "<group>"; };
		4B333C22267263CF000C78D9 /* Kfn8App.swift */ = {isa = PBXFileReference; lastKnownFileType = sourcecode.swift; path = Kfn8App.swift; sourceTree = "<group>"; };
		4B333C2426727683000C78D9 /* PlacementPanelView.swift */ = {isa = PBXFileReference; lastKnownFileType = sourcecode.swift; path = PlacementPanelView.swift; sourceTree = "<group>"; };
		4B333C262677E763000C78D9 /* View+Extensions.swift */ = {isa = PBXFileReference; lastKnownFileType = sourcecode.swift; path = "View+Extensions.swift"; sourceTree = "<group>"; };
		4B333C2826793CC4000C78D9 /* SessionSettings.swift */ = {isa = PBXFileReference; lastKnownFileType = sourcecode.swift; path = SessionSettings.swift; sourceTree = "<group>"; };
		4B333C2E267A72FB000C78D9 /* hipster.usdz */ = {isa = PBXFileReference; lastKnownFileType = file.usdz; path = hipster.usdz; sourceTree = "<group>"; };
		4B333C30267A9224000C78D9 /* ItemButton.swift */ = {isa = PBXFileReference; lastKnownFileType = sourcecode.swift; path = ItemButton.swift; sourceTree = "<group>"; };
		4B333C32267A943B000C78D9 /* ModelPickerView.swift */ = {isa = PBXFileReference; lastKnownFileType = sourcecode.swift; path = ModelPickerView.swift; sourceTree = "<group>"; };
		4B333C34267BF0FE000C78D9 /* TabViewContentView.swift */ = {isa = PBXFileReference; lastKnownFileType = sourcecode.swift; path = TabViewContentView.swift; sourceTree = "<group>"; };
		4B333C36267BF12F000C78D9 /* TabViewOne.swift */ = {isa = PBXFileReference; lastKnownFileType = sourcecode.swift; path = TabViewOne.swift; sourceTree = "<group>"; };
		4B333C38267BF13F000C78D9 /* TabViewTwo.swift */ = {isa = PBXFileReference; lastKnownFileType = sourcecode.swift; path = TabViewTwo.swift; sourceTree = "<group>"; };
		4B333C3A267BF52C000C78D9 /* DetailViewOne.swift */ = {isa = PBXFileReference; lastKnownFileType = sourcecode.swift; path = DetailViewOne.swift; sourceTree = "<group>"; };
		4B333C3C267D1168000C78D9 /* EmojiView.swift */ = {isa = PBXFileReference; lastKnownFileType = sourcecode.swift; path = EmojiView.swift; sourceTree = "<group>"; };
		4B6CA4D02683EBE800FBEF5F /* GameKit.framework */ = {isa = PBXFileReference; lastKnownFileType = wrapper.framework; name = GameKit.framework; path = System/Library/Frameworks/GameKit.framework; sourceTree = SDKROOT; };
		4B6CA4D22683EBFD00FBEF5F /* kfn8.entitlements */ = {isa = PBXFileReference; lastKnownFileType = text.plist.entitlements; path = kfn8.entitlements; sourceTree = "<group>"; };
		4BA3788B26689DDA00374BDA /* kfn8.app */ = {isa = PBXFileReference; explicitFileType = wrapper.application; includeInIndex = 0; path = kfn8.app; sourceTree = BUILT_PRODUCTS_DIR; };
		4BA3788E26689DDA00374BDA /* AppDelegate.swift */ = {isa = PBXFileReference; lastKnownFileType = sourcecode.swift; path = AppDelegate.swift; sourceTree = "<group>"; };
		4BA3789026689DDA00374BDA /* ContentView.swift */ = {isa = PBXFileReference; lastKnownFileType = sourcecode.swift; path = ContentView.swift; sourceTree = "<group>"; };
		4BA3789426689DDC00374BDA /* Assets.xcassets */ = {isa = PBXFileReference; lastKnownFileType = folder.assetcatalog; path = Assets.xcassets; sourceTree = "<group>"; };
		4BA3789726689DDC00374BDA /* Preview Assets.xcassets */ = {isa = PBXFileReference; lastKnownFileType = folder.assetcatalog; path = "Preview Assets.xcassets"; sourceTree = "<group>"; };
		4BA3789926689DDC00374BDA /* Info.plist */ = {isa = PBXFileReference; lastKnownFileType = text.plist.xml; path = Info.plist; sourceTree = "<group>"; };
		4BA3789E26689DDC00374BDA /* kfn8Tests.xctest */ = {isa = PBXFileReference; explicitFileType = wrapper.cfbundle; includeInIndex = 0; path = kfn8Tests.xctest; sourceTree = BUILT_PRODUCTS_DIR; };
		4BA378A226689DDC00374BDA /* kfn8Tests.swift */ = {isa = PBXFileReference; lastKnownFileType = sourcecode.swift; path = kfn8Tests.swift; sourceTree = "<group>"; };
		4BA378A426689DDC00374BDA /* Info.plist */ = {isa = PBXFileReference; lastKnownFileType = text.plist.xml; path = Info.plist; sourceTree = "<group>"; };
		4BA378A926689DDC00374BDA /* kfn8UITests.xctest */ = {isa = PBXFileReference; explicitFileType = wrapper.cfbundle; includeInIndex = 0; path = kfn8UITests.xctest; sourceTree = BUILT_PRODUCTS_DIR; };
		4BA378AD26689DDC00374BDA /* kfn8UITests.swift */ = {isa = PBXFileReference; lastKnownFileType = sourcecode.swift; path = kfn8UITests.swift; sourceTree = "<group>"; };
		4BA378AF26689DDC00374BDA /* Info.plist */ = {isa = PBXFileReference; lastKnownFileType = text.plist.xml; path = Info.plist; sourceTree = "<group>"; };
		4BA378BC2669307D00374BDA /* fender_stratocaster.usdz */ = {isa = PBXFileReference; lastKnownFileType = file.usdz; name = fender_stratocaster.usdz; path = "../../../../assets-usdz/fender_stratocaster.usdz"; sourceTree = "<group>"; };
		4BA378BD2669307D00374BDA /* pot_plant.usdz */ = {isa = PBXFileReference; lastKnownFileType = file.usdz; name = pot_plant.usdz; path = "../../../../assets-usdz/pot_plant.usdz"; sourceTree = "<group>"; };
		4BA378BE2669307E00374BDA /* flower_tulip.usdz */ = {isa = PBXFileReference; lastKnownFileType = file.usdz; name = flower_tulip.usdz; path = "../../../../assets-usdz/flower_tulip.usdz"; sourceTree = "<group>"; };
		4BA378BF2669307E00374BDA /* chair_swan.usdz */ = {isa = PBXFileReference; lastKnownFileType = file.usdz; name = chair_swan.usdz; path = "../../../../assets-usdz/chair_swan.usdz"; sourceTree = "<group>"; };
		4BA378C02669307F00374BDA /* teapot.usdz */ = {isa = PBXFileReference; lastKnownFileType = file.usdz; name = teapot.usdz; path = "../../../../assets-usdz/teapot.usdz"; sourceTree = "<group>"; };
		4BA378C12669307F00374BDA /* wheelbarrow.usdz */ = {isa = PBXFileReference; lastKnownFileType = file.usdz; name = wheelbarrow.usdz; path = "../../../../assets-usdz/wheelbarrow.usdz"; sourceTree = "<group>"; };
		4BA378C22669307F00374BDA /* cup_saucer_set.usdz */ = {isa = PBXFileReference; lastKnownFileType = file.usdz; name = cup_saucer_set.usdz; path = "../../../../assets-usdz/cup_saucer_set.usdz"; sourceTree = "<group>"; };
		4BA378C32669308000374BDA /* gramophone.usdz */ = {isa = PBXFileReference; lastKnownFileType = file.usdz; name = gramophone.usdz; path = "../../../../assets-usdz/gramophone.usdz"; sourceTree = "<group>"; };
		4BA378C52669308100374BDA /* toy_biplane.usdz */ = {isa = PBXFileReference; lastKnownFileType = file.usdz; name = toy_biplane.usdz; path = "../../../../assets-usdz/toy_biplane.usdz"; sourceTree = "<group>"; };
		4BA378C62669308100374BDA /* wateringcan.usdz */ = {isa = PBXFileReference; lastKnownFileType = file.usdz; name = wateringcan.usdz; path = "../../../../assets-usdz/wateringcan.usdz"; sourceTree = "<group>"; };
		4BA378C72669308100374BDA /* tv_retro.usdz */ = {isa = PBXFileReference; lastKnownFileType = file.usdz; name = tv_retro.usdz; path = "../../../../assets-usdz/tv_retro.usdz"; sourceTree = "<group>"; };
		4BC336F3266948E600AF7AE1 /* LoginView.swift */ = {isa = PBXFileReference; fileEncoding = 4; lastKnownFileType = sourcecode.swift; path = LoginView.swift; sourceTree = "<group>"; };
		4BC336F526696A9900AF7AE1 /* Model.swift */ = {isa = PBXFileReference; lastKnownFileType = sourcecode.swift; path = Model.swift; sourceTree = "<group>"; };
		4BC336FA266A9BE100AF7AE1 /* CustomARView.swift */ = {isa = PBXFileReference; fileEncoding = 4; lastKnownFileType = sourcecode.swift; path = CustomARView.swift; sourceTree = "<group>"; };
		4BC336FE266AB35900AF7AE1 /* ControlView.swift */ = {isa = PBXFileReference; lastKnownFileType = sourcecode.swift; path = ControlView.swift; sourceTree = "<group>"; };
		4BC33700266AC9CA00AF7AE1 /* BrowseView.swift */ = {isa = PBXFileReference; lastKnownFileType = sourcecode.swift; path = BrowseView.swift; sourceTree = "<group>"; };
/* End PBXFileReference section */

/* Begin PBXFrameworksBuildPhase section */
		4BA3788826689DDA00374BDA /* Frameworks */ = {
			isa = PBXFrameworksBuildPhase;
			buildActionMask = 2147483647;
			files = (
				4BC336F92669A2F200AF7AE1 /* FocusEntity in Frameworks */,
				4B6CA4D12683EBE800FBEF5F /* GameKit.framework in Frameworks */,
			);
			runOnlyForDeploymentPostprocessing = 0;
		};
		4BA3789B26689DDC00374BDA /* Frameworks */ = {
			isa = PBXFrameworksBuildPhase;
			buildActionMask = 2147483647;
			files = (
			);
			runOnlyForDeploymentPostprocessing = 0;
		};
		4BA378A626689DDC00374BDA /* Frameworks */ = {
			isa = PBXFrameworksBuildPhase;
			buildActionMask = 2147483647;
			files = (
			);
			runOnlyForDeploymentPostprocessing = 0;
		};
/* End PBXFrameworksBuildPhase section */

/* Begin PBXGroup section */
		4B6CA4CF2683EBE800FBEF5F /* Frameworks */ = {
			isa = PBXGroup;
			children = (
				4B6CA4D02683EBE800FBEF5F /* GameKit.framework */,
			);
			name = Frameworks;
			sourceTree = "<group>";
		};
		4BA3788226689DDA00374BDA = {
			isa = PBXGroup;
			children = (
				4BA3788D26689DDA00374BDA /* kfn8 */,
				4BA378A126689DDC00374BDA /* kfn8Tests */,
				4BA378AC26689DDC00374BDA /* kfn8UITests */,
				4BA3788C26689DDA00374BDA /* Products */,
				4B6CA4CF2683EBE800FBEF5F /* Frameworks */,
			);
			sourceTree = "<group>";
		};
		4BA3788C26689DDA00374BDA /* Products */ = {
			isa = PBXGroup;
			children = (
				4BA3788B26689DDA00374BDA /* kfn8.app */,
				4BA3789E26689DDC00374BDA /* kfn8Tests.xctest */,
				4BA378A926689DDC00374BDA /* kfn8UITests.xctest */,
			);
			name = Products;
			sourceTree = "<group>";
		};
		4BA3788D26689DDA00374BDA /* kfn8 */ = {
			isa = PBXGroup;
			children = (
				4B6CA4D22683EBFD00FBEF5F /* kfn8.entitlements */,
				4BA378BB26692FC100374BDA /* 3dmodels */,
				4BA3788E26689DDA00374BDA /* AppDelegate.swift */,
				4B333C22267263CF000C78D9 /* Kfn8App.swift */,
				4BC336F526696A9900AF7AE1 /* Model.swift */,
				4B333C2826793CC4000C78D9 /* SessionSettings.swift */,
				4B333C262677E763000C78D9 /* View+Extensions.swift */,
				4BA3789026689DDA00374BDA /* ContentView.swift */,
				4B333C32267A943B000C78D9 /* ModelPickerView.swift */,
				4B333C30267A9224000C78D9 /* ItemButton.swift */,
				4BC336FE266AB35900AF7AE1 /* ControlView.swift */,
				4BC33700266AC9CA00AF7AE1 /* BrowseView.swift */,
				4BC336FA266A9BE100AF7AE1 /* CustomARView.swift */,
				4B333C34267BF0FE000C78D9 /* TabViewContentView.swift */,
				4B333C38267BF13F000C78D9 /* TabViewTwo.swift */,
				4B333C36267BF12F000C78D9 /* TabViewOne.swift */,
				4B333C3A267BF52C000C78D9 /* DetailViewOne.swift */,
				4B333C3C267D1168000C78D9 /* EmojiView.swift */,
				4BC336F3266948E600AF7AE1 /* LoginView.swift */,
				4B333C1E26715A82000C78D9 /* SessionSettingsView.swift */,
				4B333C202671661E000C78D9 /* PlacementSettings.swift */,
				4B333C2426727683000C78D9 /* PlacementPanelView.swift */,
				4BA3789426689DDC00374BDA /* Assets.xcassets */,
				4BA3789926689DDC00374BDA /* Info.plist */,
				4BA3789626689DDC00374BDA /* Preview Content */,
			);
			path = kfn8;
			sourceTree = "<group>";
		};
		4BA3789626689DDC00374BDA /* Preview Content */ = {
			isa = PBXGroup;
			children = (
				4BA3789726689DDC00374BDA /* Preview Assets.xcassets */,
			);
			path = "Preview Content";
			sourceTree = "<group>";
		};
		4BA378A126689DDC00374BDA /* kfn8Tests */ = {
			isa = PBXGroup;
			children = (
				4BA378A226689DDC00374BDA /* kfn8Tests.swift */,
				4BA378A426689DDC00374BDA /* Info.plist */,
			);
			path = kfn8Tests;
			sourceTree = "<group>";
		};
		4BA378AC26689DDC00374BDA /* kfn8UITests */ = {
			isa = PBXGroup;
			children = (
				4BA378AD26689DDC00374BDA /* kfn8UITests.swift */,
				4BA378AF26689DDC00374BDA /* Info.plist */,
			);
			path = kfn8UITests;
			sourceTree = "<group>";
		};
		4BA378BB26692FC100374BDA /* 3dmodels */ = {
			isa = PBXGroup;
			children = (
				4B333C2E267A72FB000C78D9 /* hipster.usdz */,
				4BA378BF2669307E00374BDA /* chair_swan.usdz */,
				4BA378C22669307F00374BDA /* cup_saucer_set.usdz */,
				4BA378BC2669307D00374BDA /* fender_stratocaster.usdz */,
				4BA378BE2669307E00374BDA /* flower_tulip.usdz */,
				4BA378C32669308000374BDA /* gramophone.usdz */,
				4BA378BD2669307D00374BDA /* pot_plant.usdz */,
				4BA378C02669307F00374BDA /* teapot.usdz */,
				4BA378C52669308100374BDA /* toy_biplane.usdz */,
				4BA378C72669308100374BDA /* tv_retro.usdz */,
				4BA378C62669308100374BDA /* wateringcan.usdz */,
				4BA378C12669307F00374BDA /* wheelbarrow.usdz */,
			);
			path = 3dmodels;
			sourceTree = "<group>";
		};
/* End PBXGroup section */

/* Begin PBXNativeTarget section */
		4BA3788A26689DDA00374BDA /* kfn8 */ = {
			isa = PBXNativeTarget;
			buildConfigurationList = 4BA378B226689DDC00374BDA /* Build configuration list for PBXNativeTarget "kfn8" */;
			buildPhases = (
				4BA3788726689DDA00374BDA /* Sources */,
				4BA3788826689DDA00374BDA /* Frameworks */,
				4BA3788926689DDA00374BDA /* Resources */,
			);
			buildRules = (
			);
			dependencies = (
			);
			name = kfn8;
			packageProductDependencies = (
				4BC336F82669A2F200AF7AE1 /* FocusEntity */,
			);
			productName = kfn8;
			productReference = 4BA3788B26689DDA00374BDA /* kfn8.app */;
			productType = "com.apple.product-type.application";
		};
		4BA3789D26689DDC00374BDA /* kfn8Tests */ = {
			isa = PBXNativeTarget;
			buildConfigurationList = 4BA378B526689DDC00374BDA /* Build configuration list for PBXNativeTarget "kfn8Tests" */;
			buildPhases = (
				4BA3789A26689DDC00374BDA /* Sources */,
				4BA3789B26689DDC00374BDA /* Frameworks */,
				4BA3789C26689DDC00374BDA /* Resources */,
			);
			buildRules = (
			);
			dependencies = (
				4BA378A026689DDC00374BDA /* PBXTargetDependency */,
			);
			name = kfn8Tests;
			productName = kfn8Tests;
			productReference = 4BA3789E26689DDC00374BDA /* kfn8Tests.xctest */;
			productType = "com.apple.product-type.bundle.unit-test";
		};
		4BA378A826689DDC00374BDA /* kfn8UITests */ = {
			isa = PBXNativeTarget;
			buildConfigurationList = 4BA378B826689DDC00374BDA /* Build configuration list for PBXNativeTarget "kfn8UITests" */;
			buildPhases = (
				4BA378A526689DDC00374BDA /* Sources */,
				4BA378A626689DDC00374BDA /* Frameworks */,
				4BA378A726689DDC00374BDA /* Resources */,
			);
			buildRules = (
			);
			dependencies = (
				4BA378AB26689DDC00374BDA /* PBXTargetDependency */,
			);
			name = kfn8UITests;
			productName = kfn8UITests;
			productReference = 4BA378A926689DDC00374BDA /* kfn8UITests.xctest */;
			productType = "com.apple.product-type.bundle.ui-testing";
		};
/* End PBXNativeTarget section */

/* Begin PBXProject section */
		4BA3788326689DDA00374BDA /* Project object */ = {
			isa = PBXProject;
			attributes = {
				LastSwiftUpdateCheck = 1250;
				LastUpgradeCheck = 1250;
				TargetAttributes = {
					4BA3788A26689DDA00374BDA = {
						CreatedOnToolsVersion = 12.5;
					};
					4BA3789D26689DDC00374BDA = {
						CreatedOnToolsVersion = 12.5;
						TestTargetID = 4BA3788A26689DDA00374BDA;
					};
					4BA378A826689DDC00374BDA = {
						CreatedOnToolsVersion = 12.5;
						TestTargetID = 4BA3788A26689DDA00374BDA;
					};
				};
			};
			buildConfigurationList = 4BA3788626689DDA00374BDA /* Build configuration list for PBXProject "kfn8" */;
			compatibilityVersion = "Xcode 9.3";
			developmentRegion = en;
			hasScannedForEncodings = 0;
			knownRegions = (
				en,
				Base,
			);
			mainGroup = 4BA3788226689DDA00374BDA;
			packageReferences = (
				4BC336F72669A2F200AF7AE1 /* XCRemoteSwiftPackageReference "FocusEntity" */,
			);
			productRefGroup = 4BA3788C26689DDA00374BDA /* Products */;
			projectDirPath = "";
			projectRoot = "";
			targets = (
				4BA3788A26689DDA00374BDA /* kfn8 */,
				4BA3789D26689DDC00374BDA /* kfn8Tests */,
				4BA378A826689DDC00374BDA /* kfn8UITests */,
			);
		};
/* End PBXProject section */

/* Begin PBXResourcesBuildPhase section */
		4BA3788926689DDA00374BDA /* Resources */ = {
			isa = PBXResourcesBuildPhase;
			buildActionMask = 2147483647;
			files = (
				4BA378CB2669308200374BDA /* chair_swan.usdz in Resources */,
				4BA3789826689DDC00374BDA /* Preview Assets.xcassets in Resources */,
				4BA378CE2669308200374BDA /* cup_saucer_set.usdz in Resources */,
				4BA3789526689DDC00374BDA /* Assets.xcassets in Resources */,
				4BA378CC2669308200374BDA /* teapot.usdz in Resources */,
				4BA378D22669308200374BDA /* wateringcan.usdz in Resources */,
				4BA378C82669308200374BDA /* fender_stratocaster.usdz in Resources */,
				4BA378D12669308200374BDA /* toy_biplane.usdz in Resources */,
				4BA378CA2669308200374BDA /* flower_tulip.usdz in Resources */,
				4BA378CD2669308200374BDA /* wheelbarrow.usdz in Resources */,
				4BA378D32669308200374BDA /* tv_retro.usdz in Resources */,
				4BA378C92669308200374BDA /* pot_plant.usdz in Resources */,
				4B333C2F267A72FB000C78D9 /* hipster.usdz in Resources */,
				4BA378CF2669308200374BDA /* gramophone.usdz in Resources */,
			);
			runOnlyForDeploymentPostprocessing = 0;
		};
		4BA3789C26689DDC00374BDA /* Resources */ = {
			isa = PBXResourcesBuildPhase;
			buildActionMask = 2147483647;
			files = (
			);
			runOnlyForDeploymentPostprocessing = 0;
		};
		4BA378A726689DDC00374BDA /* Resources */ = {
			isa = PBXResourcesBuildPhase;
			buildActionMask = 2147483647;
			files = (
			);
			runOnlyForDeploymentPostprocessing = 0;
		};
/* End PBXResourcesBuildPhase section */

/* Begin PBXSourcesBuildPhase section */
		4BA3788726689DDA00374BDA /* Sources */ = {
			isa = PBXSourcesBuildPhase;
			buildActionMask = 2147483647;
			files = (
				4BC336F4266948E700AF7AE1 /* LoginView.swift in Sources */,
				4BC336FB266A9BE200AF7AE1 /* CustomARView.swift in Sources */,
				4B333C31267A9224000C78D9 /* ItemButton.swift in Sources */,
				4B333C3B267BF52C000C78D9 /* DetailViewOne.swift in Sources */,
				4B333C23267263CF000C78D9 /* Kfn8App.swift in Sources */,
				4BC33701266AC9CA00AF7AE1 /* BrowseView.swift in Sources */,
				4B333C39267BF13F000C78D9 /* TabViewTwo.swift in Sources */,
				4B333C33267A943B000C78D9 /* ModelPickerView.swift in Sources */,
				4B333C212671661E000C78D9 /* PlacementSettings.swift in Sources */,
				4B333C3D267D1168000C78D9 /* EmojiView.swift in Sources */,
				4B333C35267BF0FE000C78D9 /* TabViewContentView.swift in Sources */,
				4BA3789126689DDA00374BDA /* ContentView.swift in Sources */,
				4B333C37267BF12F000C78D9 /* TabViewOne.swift in Sources */,
				4BA3788F26689DDA00374BDA /* AppDelegate.swift in Sources */,
				4B333C2526727683000C78D9 /* PlacementPanelView.swift in Sources */,
				4BC336FF266AB35900AF7AE1 /* ControlView.swift in Sources */,
				4B333C2926793CC4000C78D9 /* SessionSettings.swift in Sources */,
				4B333C1F26715A82000C78D9 /* SessionSettingsView.swift in Sources */,
				4B333C272677E763000C78D9 /* View+Extensions.swift in Sources */,
				4BC336F626696A9900AF7AE1 /* Model.swift in Sources */,
			);
			runOnlyForDeploymentPostprocessing = 0;
		};
		4BA3789A26689DDC00374BDA /* Sources */ = {
			isa = PBXSourcesBuildPhase;
			buildActionMask = 2147483647;
			files = (
				4BA378A326689DDC00374BDA /* kfn8Tests.swift in Sources */,
			);
			runOnlyForDeploymentPostprocessing = 0;
		};
		4BA378A526689DDC00374BDA /* Sources */ = {
			isa = PBXSourcesBuildPhase;
			buildActionMask = 2147483647;
			files = (
				4BA378AE26689DDC00374BDA /* kfn8UITests.swift in Sources */,
			);
			runOnlyForDeploymentPostprocessing = 0;
		};
/* End PBXSourcesBuildPhase section */

/* Begin PBXTargetDependency section */
		4BA378A026689DDC00374BDA /* PBXTargetDependency */ = {
			isa = PBXTargetDependency;
			target = 4BA3788A26689DDA00374BDA /* kfn8 */;
			targetProxy = 4BA3789F26689DDC00374BDA /* PBXContainerItemProxy */;
		};
		4BA378AB26689DDC00374BDA /* PBXTargetDependency */ = {
			isa = PBXTargetDependency;
			target = 4BA3788A26689DDA00374BDA /* kfn8 */;
			targetProxy = 4BA378AA26689DDC00374BDA /* PBXContainerItemProxy */;
		};
/* End PBXTargetDependency section */

/* Begin XCBuildConfiguration section */
		4BA378B026689DDC00374BDA /* Debug */ = {
			isa = XCBuildConfiguration;
			buildSettings = {
				ALWAYS_SEARCH_USER_PATHS = NO;
				CLANG_ANALYZER_NONNULL = YES;
				CLANG_ANALYZER_NUMBER_OBJECT_CONVERSION = YES_AGGRESSIVE;
				CLANG_CXX_LANGUAGE_STANDARD = "gnu++14";
				CLANG_CXX_LIBRARY = "libc++";
				CLANG_ENABLE_MODULES = YES;
				CLANG_ENABLE_OBJC_ARC = YES;
				CLANG_ENABLE_OBJC_WEAK = YES;
				CLANG_WARN_BLOCK_CAPTURE_AUTORELEASING = YES;
				CLANG_WARN_BOOL_CONVERSION = YES;
				CLANG_WARN_COMMA = YES;
				CLANG_WARN_CONSTANT_CONVERSION = YES;
				CLANG_WARN_DEPRECATED_OBJC_IMPLEMENTATIONS = YES;
				CLANG_WARN_DIRECT_OBJC_ISA_USAGE = YES_ERROR;
				CLANG_WARN_DOCUMENTATION_COMMENTS = YES;
				CLANG_WARN_EMPTY_BODY = YES;
				CLANG_WARN_ENUM_CONVERSION = YES;
				CLANG_WARN_INFINITE_RECURSION = YES;
				CLANG_WARN_INT_CONVERSION = YES;
				CLANG_WARN_NON_LITERAL_NULL_CONVERSION = YES;
				CLANG_WARN_OBJC_IMPLICIT_RETAIN_SELF = YES;
				CLANG_WARN_OBJC_LITERAL_CONVERSION = YES;
				CLANG_WARN_OBJC_ROOT_CLASS = YES_ERROR;
				CLANG_WARN_QUOTED_INCLUDE_IN_FRAMEWORK_HEADER = YES;
				CLANG_WARN_RANGE_LOOP_ANALYSIS = YES;
				CLANG_WARN_STRICT_PROTOTYPES = YES;
				CLANG_WARN_SUSPICIOUS_MOVE = YES;
				CLANG_WARN_UNGUARDED_AVAILABILITY = YES_AGGRESSIVE;
				CLANG_WARN_UNREACHABLE_CODE = YES;
				CLANG_WARN__DUPLICATE_METHOD_MATCH = YES;
				COPY_PHASE_STRIP = NO;
				DEBUG_INFORMATION_FORMAT = dwarf;
				ENABLE_STRICT_OBJC_MSGSEND = YES;
				ENABLE_TESTABILITY = YES;
				GCC_C_LANGUAGE_STANDARD = gnu11;
				GCC_DYNAMIC_NO_PIC = NO;
				GCC_NO_COMMON_BLOCKS = YES;
				GCC_OPTIMIZATION_LEVEL = 0;
				GCC_PREPROCESSOR_DEFINITIONS = (
					"DEBUG=1",
					"$(inherited)",
				);
				GCC_WARN_64_TO_32_BIT_CONVERSION = YES;
				GCC_WARN_ABOUT_RETURN_TYPE = YES_ERROR;
				GCC_WARN_UNDECLARED_SELECTOR = YES;
				GCC_WARN_UNINITIALIZED_AUTOS = YES_AGGRESSIVE;
				GCC_WARN_UNUSED_FUNCTION = YES;
				GCC_WARN_UNUSED_VARIABLE = YES;
				IPHONEOS_DEPLOYMENT_TARGET = 14.1;
				MTL_ENABLE_DEBUG_INFO = INCLUDE_SOURCE;
				MTL_FAST_MATH = YES;
				ONLY_ACTIVE_ARCH = YES;
				SDKROOT = iphoneos;
				SWIFT_ACTIVE_COMPILATION_CONDITIONS = DEBUG;
				SWIFT_OPTIMIZATION_LEVEL = "-Onone";
			};
			name = Debug;
		};
		4BA378B126689DDC00374BDA /* Release */ = {
			isa = XCBuildConfiguration;
			buildSettings = {
				ALWAYS_SEARCH_USER_PATHS = NO;
				CLANG_ANALYZER_NONNULL = YES;
				CLANG_ANALYZER_NUMBER_OBJECT_CONVERSION = YES_AGGRESSIVE;
				CLANG_CXX_LANGUAGE_STANDARD = "gnu++14";
				CLANG_CXX_LIBRARY = "libc++";
				CLANG_ENABLE_MODULES = YES;
				CLANG_ENABLE_OBJC_ARC = YES;
				CLANG_ENABLE_OBJC_WEAK = YES;
				CLANG_WARN_BLOCK_CAPTURE_AUTORELEASING = YES;
				CLANG_WARN_BOOL_CONVERSION = YES;
				CLANG_WARN_COMMA = YES;
				CLANG_WARN_CONSTANT_CONVERSION = YES;
				CLANG_WARN_DEPRECATED_OBJC_IMPLEMENTATIONS = YES;
				CLANG_WARN_DIRECT_OBJC_ISA_USAGE = YES_ERROR;
				CLANG_WARN_DOCUMENTATION_COMMENTS = YES;
				CLANG_WARN_EMPTY_BODY = YES;
				CLANG_WARN_ENUM_CONVERSION = YES;
				CLANG_WARN_INFINITE_RECURSION = YES;
				CLANG_WARN_INT_CONVERSION = YES;
				CLANG_WARN_NON_LITERAL_NULL_CONVERSION = YES;
				CLANG_WARN_OBJC_IMPLICIT_RETAIN_SELF = YES;
				CLANG_WARN_OBJC_LITERAL_CONVERSION = YES;
				CLANG_WARN_OBJC_ROOT_CLASS = YES_ERROR;
				CLANG_WARN_QUOTED_INCLUDE_IN_FRAMEWORK_HEADER = YES;
				CLANG_WARN_RANGE_LOOP_ANALYSIS = YES;
				CLANG_WARN_STRICT_PROTOTYPES = YES;
				CLANG_WARN_SUSPICIOUS_MOVE = YES;
				CLANG_WARN_UNGUARDED_AVAILABILITY = YES_AGGRESSIVE;
				CLANG_WARN_UNREACHABLE_CODE = YES;
				CLANG_WARN__DUPLICATE_METHOD_MATCH = YES;
				COPY_PHASE_STRIP = NO;
				DEBUG_INFORMATION_FORMAT = "dwarf-with-dsym";
				ENABLE_NS_ASSERTIONS = NO;
				ENABLE_STRICT_OBJC_MSGSEND = YES;
				GCC_C_LANGUAGE_STANDARD = gnu11;
				GCC_NO_COMMON_BLOCKS = YES;
				GCC_WARN_64_TO_32_BIT_CONVERSION = YES;
				GCC_WARN_ABOUT_RETURN_TYPE = YES_ERROR;
				GCC_WARN_UNDECLARED_SELECTOR = YES;
				GCC_WARN_UNINITIALIZED_AUTOS = YES_AGGRESSIVE;
				GCC_WARN_UNUSED_FUNCTION = YES;
				GCC_WARN_UNUSED_VARIABLE = YES;
				IPHONEOS_DEPLOYMENT_TARGET = 14.1;
				MTL_ENABLE_DEBUG_INFO = NO;
				MTL_FAST_MATH = YES;
				SDKROOT = iphoneos;
				SWIFT_COMPILATION_MODE = wholemodule;
				SWIFT_OPTIMIZATION_LEVEL = "-O";
				VALIDATE_PRODUCT = YES;
			};
			name = Release;
		};
		4BA378B326689DDC00374BDA /* Debug */ = {
			isa = XCBuildConfiguration;
			buildSettings = {
				ASSETCATALOG_COMPILER_APPICON_NAME = AppIcon;
				ASSETCATALOG_COMPILER_GLOBAL_ACCENT_COLOR_NAME = AccentColor;
				CODE_SIGN_ENTITLEMENTS = kfn8/kfn8.entitlements;
				CODE_SIGN_STYLE = Automatic;
				CURRENT_PROJECT_VERSION = 0;
				DEVELOPMENT_ASSET_PATHS = "\"kfn8/Preview Content\"";
				DEVELOPMENT_TEAM = G7Y435RZV6;
				ENABLE_PREVIEWS = YES;
				INFOPLIST_FILE = kfn8/Info.plist;
				LD_RUNPATH_SEARCH_PATHS = (
					"$(inherited)",
					"@executable_path/Frameworks",
				);
				MARKETING_VERSION = 1.1;
				PRODUCT_BUNDLE_IDENTIFIER = com.appliaison.kfn8;
				PRODUCT_NAME = "$(TARGET_NAME)";
				SWIFT_VERSION = 5.0;
				TARGETED_DEVICE_FAMILY = "1,2";
			};
			name = Debug;
		};
		4BA378B426689DDC00374BDA /* Release */ = {
			isa = XCBuildConfiguration;
			buildSettings = {
				ASSETCATALOG_COMPILER_APPICON_NAME = AppIcon;
				ASSETCATALOG_COMPILER_GLOBAL_ACCENT_COLOR_NAME = AccentColor;
				CODE_SIGN_ENTITLEMENTS = kfn8/kfn8.entitlements;
				CODE_SIGN_STYLE = Automatic;
				CURRENT_PROJECT_VERSION = 0;
				DEVELOPMENT_ASSET_PATHS = "\"kfn8/Preview Content\"";
				DEVELOPMENT_TEAM = G7Y435RZV6;
				ENABLE_PREVIEWS = YES;
				INFOPLIST_FILE = kfn8/Info.plist;
				LD_RUNPATH_SEARCH_PATHS = (
					"$(inherited)",
					"@executable_path/Frameworks",
				);
				MARKETING_VERSION = 1.1;
				PRODUCT_BUNDLE_IDENTIFIER = com.appliaison.kfn8;
				PRODUCT_NAME = "$(TARGET_NAME)";
				SWIFT_VERSION = 5.0;
				TARGETED_DEVICE_FAMILY = "1,2";
			};
			name = Release;
		};
		4BA378B626689DDC00374BDA /* Debug */ = {
			isa = XCBuildConfiguration;
			buildSettings = {
				ALWAYS_EMBED_SWIFT_STANDARD_LIBRARIES = YES;
				BUNDLE_LOADER = "$(TEST_HOST)";
				CODE_SIGN_STYLE = Automatic;
				DEVELOPMENT_TEAM = G7Y435RZV6;
				INFOPLIST_FILE = kfn8Tests/Info.plist;
				IPHONEOS_DEPLOYMENT_TARGET = 14.5;
				LD_RUNPATH_SEARCH_PATHS = (
					"$(inherited)",
					"@executable_path/Frameworks",
					"@loader_path/Frameworks",
				);
				PRODUCT_BUNDLE_IDENTIFIER = com.appliaison.kfn8Tests;
				PRODUCT_NAME = "$(TARGET_NAME)";
				SWIFT_VERSION = 5.0;
				TARGETED_DEVICE_FAMILY = "1,2";
				TEST_HOST = "$(BUILT_PRODUCTS_DIR)/kfn8.app/kfn8";
			};
			name = Debug;
		};
		4BA378B726689DDC00374BDA /* Release */ = {
			isa = XCBuildConfiguration;
			buildSettings = {
				ALWAYS_EMBED_SWIFT_STANDARD_LIBRARIES = YES;
				BUNDLE_LOADER = "$(TEST_HOST)";
				CODE_SIGN_STYLE = Automatic;
				DEVELOPMENT_TEAM = G7Y435RZV6;
				INFOPLIST_FILE = kfn8Tests/Info.plist;
				IPHONEOS_DEPLOYMENT_TARGET = 14.5;
				LD_RUNPATH_SEARCH_PATHS = (
					"$(inherited)",
					"@executable_path/Frameworks",
					"@loader_path/Frameworks",
				);
				PRODUCT_BUNDLE_IDENTIFIER = com.appliaison.kfn8Tests;
				PRODUCT_NAME = "$(TARGET_NAME)";
				SWIFT_VERSION = 5.0;
				TARGETED_DEVICE_FAMILY = "1,2";
				TEST_HOST = "$(BUILT_PRODUCTS_DIR)/kfn8.app/kfn8";
			};
			name = Release;
		};
		4BA378B926689DDC00374BDA /* Debug */ = {
			isa = XCBuildConfiguration;
			buildSettings = {
				ALWAYS_EMBED_SWIFT_STANDARD_LIBRARIES = YES;
				CODE_SIGN_STYLE = Automatic;
				DEVELOPMENT_TEAM = G7Y435RZV6;
				INFOPLIST_FILE = kfn8UITests/Info.plist;
				LD_RUNPATH_SEARCH_PATHS = (
					"$(inherited)",
					"@executable_path/Frameworks",
					"@loader_path/Frameworks",
				);
				PRODUCT_BUNDLE_IDENTIFIER = com.appliaison.kfn8UITests;
				PRODUCT_NAME = "$(TARGET_NAME)";
				SWIFT_VERSION = 5.0;
				TARGETED_DEVICE_FAMILY = "1,2";
				TEST_TARGET_NAME = kfn8;
			};
			name = Debug;
		};
		4BA378BA26689DDC00374BDA /* Release */ = {
			isa = XCBuildConfiguration;
			buildSettings = {
				ALWAYS_EMBED_SWIFT_STANDARD_LIBRARIES = YES;
				CODE_SIGN_STYLE = Automatic;
				DEVELOPMENT_TEAM = G7Y435RZV6;
				INFOPLIST_FILE = kfn8UITests/Info.plist;
				LD_RUNPATH_SEARCH_PATHS = (
					"$(inherited)",
					"@executable_path/Frameworks",
					"@loader_path/Frameworks",
				);
				PRODUCT_BUNDLE_IDENTIFIER = com.appliaison.kfn8UITests;
				PRODUCT_NAME = "$(TARGET_NAME)";
				SWIFT_VERSION = 5.0;
				TARGETED_DEVICE_FAMILY = "1,2";
				TEST_TARGET_NAME = kfn8;
			};
			name = Release;
		};
/* End XCBuildConfiguration section */

/* Begin XCConfigurationList section */
		4BA3788626689DDA00374BDA /* Build configuration list for PBXProject "kfn8" */ = {
			isa = XCConfigurationList;
			buildConfigurations = (
				4BA378B026689DDC00374BDA /* Debug */,
				4BA378B126689DDC00374BDA /* Release */,
			);
			defaultConfigurationIsVisible = 0;
			defaultConfigurationName = Release;
		};
		4BA378B226689DDC00374BDA /* Build configuration list for PBXNativeTarget "kfn8" */ = {
			isa = XCConfigurationList;
			buildConfigurations = (
				4BA378B326689DDC00374BDA /* Debug */,
				4BA378B426689DDC00374BDA /* Release */,
			);
			defaultConfigurationIsVisible = 0;
			defaultConfigurationName = Release;
		};
		4BA378B526689DDC00374BDA /* Build configuration list for PBXNativeTarget "kfn8Tests" */ = {
			isa = XCConfigurationList;
			buildConfigurations = (
				4BA378B626689DDC00374BDA /* Debug */,
				4BA378B726689DDC00374BDA /* Release */,
			);
			defaultConfigurationIsVisible = 0;
			defaultConfigurationName = Release;
		};
		4BA378B826689DDC00374BDA /* Build configuration list for PBXNativeTarget "kfn8UITests" */ = {
			isa = XCConfigurationList;
			buildConfigurations = (
				4BA378B926689DDC00374BDA /* Debug */,
				4BA378BA26689DDC00374BDA /* Release */,
			);
			defaultConfigurationIsVisible = 0;
			defaultConfigurationName = Release;
		};
/* End XCConfigurationList section */

/* Begin XCRemoteSwiftPackageReference section */
		4BC336F72669A2F200AF7AE1 /* XCRemoteSwiftPackageReference "FocusEntity" */ = {
			isa = XCRemoteSwiftPackageReference;
			repositoryURL = "https://github.com/maxxfrazer/FocusEntity";
			requirement = {
				kind = upToNextMajorVersion;
				minimumVersion = 2.2.3;
			};
		};
/* End XCRemoteSwiftPackageReference section */

/* Begin XCSwiftPackageProductDependency section */
		4BC336F82669A2F200AF7AE1 /* FocusEntity */ = {
			isa = XCSwiftPackageProductDependency;
			package = 4BC336F72669A2F200AF7AE1 /* XCRemoteSwiftPackageReference "FocusEntity" */;
			productName = FocusEntity;
		};
/* End XCSwiftPackageProductDependency section */
	};
	rootObject = 4BA3788326689DDA00374BDA /* Project object */;
}
